
Microsoft Visual Studio Solution File, Format Version 12.00
# Visual Studio 2012
Project("{FAE04EC0-301F-11D3-BF4B-00C04F79EFBC}") = "CIGUI.Android", "CIGUI.Android\CIGUI.Android.csproj", "{3987A549-71E8-4D0D-8662-575B2AD00B0D}"
EndProject
Project("{FAE04EC0-301F-11D3-BF4B-00C04F79EFBC}") = "CIGUI.iOS", "CIGUI.iOS\CIGUI.iOS.csproj", "{D8D9D482-63D9-4EFA-B191-229C4D1DDDD3}"
EndProject
Project("{FAE04EC0-301F-11D3-BF4B-00C04F79EFBC}") = "CIBackend", "CIBackend\CIBackend.csproj", "{1931AA33-0D1F-4FBB-91D5-F2A703D2462C}"
EndProject
Project("{FAE04EC0-301F-11D3-BF4B-00C04F79EFBC}") = "CITesting", "CI.Testing\CITesting.csproj", "{D7EB9AFC-B366-408D-87D1-683E5295BED0}"
EndProject
Global
	GlobalSection(SolutionConfigurationPlatforms) = preSolution
		Ad-Hoc|Any CPU = Ad-Hoc|Any CPU
		Ad-Hoc|iPhone = Ad-Hoc|iPhone
		Ad-Hoc|iPhoneSimulator = Ad-Hoc|iPhoneSimulator
		Ad-Hoc|Mixed Platforms = Ad-Hoc|Mixed Platforms
		AppStore|Any CPU = AppStore|Any CPU
		AppStore|iPhone = AppStore|iPhone
		AppStore|iPhoneSimulator = AppStore|iPhoneSimulator
		AppStore|Mixed Platforms = AppStore|Mixed Platforms
		Business Logic Build|Any CPU = Business Logic Build|Any CPU
		Business Logic Build|iPhone = Business Logic Build|iPhone
		Business Logic Build|iPhoneSimulator = Business Logic Build|iPhoneSimulator
		Business Logic Build|Mixed Platforms = Business Logic Build|Mixed Platforms
		Debug|Any CPU = Debug|Any CPU
		Debug|iPhone = Debug|iPhone
		Debug|iPhoneSimulator = Debug|iPhoneSimulator
		Debug|Mixed Platforms = Debug|Mixed Platforms
		Release|Any CPU = Release|Any CPU
		Release|iPhone = Release|iPhone
		Release|iPhoneSimulator = Release|iPhoneSimulator
		Release|Mixed Platforms = Release|Mixed Platforms
	EndGlobalSection
	GlobalSection(ProjectConfigurationPlatforms) = postSolution
		{1931AA33-0D1F-4FBB-91D5-F2A703D2462C}.Ad-Hoc|Any CPU.ActiveCfg = Release|Any CPU
		{1931AA33-0D1F-4FBB-91D5-F2A703D2462C}.Ad-Hoc|Any CPU.Build.0 = Release|Any CPU
		{1931AA33-0D1F-4FBB-91D5-F2A703D2462C}.Ad-Hoc|iPhone.ActiveCfg = Release|Any CPU
		{1931AA33-0D1F-4FBB-91D5-F2A703D2462C}.Ad-Hoc|iPhoneSimulator.ActiveCfg = Release|Any CPU
		{1931AA33-0D1F-4FBB-91D5-F2A703D2462C}.Ad-Hoc|Mixed Platforms.ActiveCfg = Release|Any CPU
		{1931AA33-0D1F-4FBB-91D5-F2A703D2462C}.Ad-Hoc|Mixed Platforms.Build.0 = Release|Any CPU
		{1931AA33-0D1F-4FBB-91D5-F2A703D2462C}.AppStore|Any CPU.ActiveCfg = Release|Any CPU
		{1931AA33-0D1F-4FBB-91D5-F2A703D2462C}.AppStore|Any CPU.Build.0 = Release|Any CPU
		{1931AA33-0D1F-4FBB-91D5-F2A703D2462C}.AppStore|iPhone.ActiveCfg = Release|Any CPU
		{1931AA33-0D1F-4FBB-91D5-F2A703D2462C}.AppStore|iPhoneSimulator.ActiveCfg = Release|Any CPU
		{1931AA33-0D1F-4FBB-91D5-F2A703D2462C}.AppStore|Mixed Platforms.ActiveCfg = Release|Any CPU
		{1931AA33-0D1F-4FBB-91D5-F2A703D2462C}.AppStore|Mixed Platforms.Build.0 = Release|Any CPU
		{1931AA33-0D1F-4FBB-91D5-F2A703D2462C}.Business Logic Build|Any CPU.ActiveCfg = Business Logic Build|Any CPU
		{1931AA33-0D1F-4FBB-91D5-F2A703D2462C}.Business Logic Build|Any CPU.Build.0 = Business Logic Build|Any CPU
		{1931AA33-0D1F-4FBB-91D5-F2A703D2462C}.Business Logic Build|Any CPU.Deploy.0 = Business Logic Build|Any CPU
		{1931AA33-0D1F-4FBB-91D5-F2A703D2462C}.Business Logic Build|iPhone.ActiveCfg = Business Logic Build|Any CPU
		{1931AA33-0D1F-4FBB-91D5-F2A703D2462C}.Business Logic Build|iPhone.Build.0 = Business Logic Build|Any CPU
		{1931AA33-0D1F-4FBB-91D5-F2A703D2462C}.Business Logic Build|iPhoneSimulator.ActiveCfg = Business Logic Build|Any CPU
		{1931AA33-0D1F-4FBB-91D5-F2A703D2462C}.Business Logic Build|iPhoneSimulator.Build.0 = Business Logic Build|Any CPU
		{1931AA33-0D1F-4FBB-91D5-F2A703D2462C}.Business Logic Build|Mixed Platforms.ActiveCfg = Business Logic Build|Any CPU
		{1931AA33-0D1F-4FBB-91D5-F2A703D2462C}.Business Logic Build|Mixed Platforms.Build.0 = Business Logic Build|Any CPU
		{1931AA33-0D1F-4FBB-91D5-F2A703D2462C}.Debug|Any CPU.ActiveCfg = Debug|Any CPU
		{1931AA33-0D1F-4FBB-91D5-F2A703D2462C}.Debug|Any CPU.Build.0 = Debug|Any CPU
		{1931AA33-0D1F-4FBB-91D5-F2A703D2462C}.Debug|iPhone.ActiveCfg = Debug|Any CPU
		{1931AA33-0D1F-4FBB-91D5-F2A703D2462C}.Debug|iPhone.Build.0 = Debug|Any CPU
		{1931AA33-0D1F-4FBB-91D5-F2A703D2462C}.Debug|iPhoneSimulator.ActiveCfg = Debug|Any CPU
		{1931AA33-0D1F-4FBB-91D5-F2A703D2462C}.Debug|Mixed Platforms.ActiveCfg = Debug|Any CPU
		{1931AA33-0D1F-4FBB-91D5-F2A703D2462C}.Debug|Mixed Platforms.Build.0 = Debug|Any CPU
		{1931AA33-0D1F-4FBB-91D5-F2A703D2462C}.Release|Any CPU.ActiveCfg = Release|Any CPU
		{1931AA33-0D1F-4FBB-91D5-F2A703D2462C}.Release|Any CPU.Build.0 = Release|Any CPU
		{1931AA33-0D1F-4FBB-91D5-F2A703D2462C}.Release|iPhone.ActiveCfg = Release|Any CPU
		{1931AA33-0D1F-4FBB-91D5-F2A703D2462C}.Release|iPhoneSimulator.ActiveCfg = Release|Any CPU
		{1931AA33-0D1F-4FBB-91D5-F2A703D2462C}.Release|Mixed Platforms.ActiveCfg = Release|Any CPU
		{1931AA33-0D1F-4FBB-91D5-F2A703D2462C}.Release|Mixed Platforms.Build.0 = Release|Any CPU
		{3987A549-71E8-4D0D-8662-575B2AD00B0D}.Ad-Hoc|Any CPU.ActiveCfg = Release|Any CPU
		{3987A549-71E8-4D0D-8662-575B2AD00B0D}.Ad-Hoc|Any CPU.Build.0 = Release|Any CPU
		{3987A549-71E8-4D0D-8662-575B2AD00B0D}.Ad-Hoc|Any CPU.Deploy.0 = Release|Any CPU
		{3987A549-71E8-4D0D-8662-575B2AD00B0D}.Ad-Hoc|iPhone.ActiveCfg = Release|Any CPU
		{3987A549-71E8-4D0D-8662-575B2AD00B0D}.Ad-Hoc|iPhoneSimulator.ActiveCfg = Release|Any CPU
		{3987A549-71E8-4D0D-8662-575B2AD00B0D}.Ad-Hoc|Mixed Platforms.ActiveCfg = Release|Any CPU
		{3987A549-71E8-4D0D-8662-575B2AD00B0D}.Ad-Hoc|Mixed Platforms.Build.0 = Release|Any CPU
		{3987A549-71E8-4D0D-8662-575B2AD00B0D}.Ad-Hoc|Mixed Platforms.Deploy.0 = Release|Any CPU
		{3987A549-71E8-4D0D-8662-575B2AD00B0D}.AppStore|Any CPU.ActiveCfg = Release|Any CPU
		{3987A549-71E8-4D0D-8662-575B2AD00B0D}.AppStore|Any CPU.Build.0 = Release|Any CPU
		{3987A549-71E8-4D0D-8662-575B2AD00B0D}.AppStore|Any CPU.Deploy.0 = Release|Any CPU
		{3987A549-71E8-4D0D-8662-575B2AD00B0D}.AppStore|iPhone.ActiveCfg = Release|Any CPU
		{3987A549-71E8-4D0D-8662-575B2AD00B0D}.AppStore|iPhoneSimulator.ActiveCfg = Release|Any CPU
		{3987A549-71E8-4D0D-8662-575B2AD00B0D}.AppStore|Mixed Platforms.ActiveCfg = Release|Any CPU
		{3987A549-71E8-4D0D-8662-575B2AD00B0D}.AppStore|Mixed Platforms.Build.0 = Release|Any CPU
		{3987A549-71E8-4D0D-8662-575B2AD00B0D}.AppStore|Mixed Platforms.Deploy.0 = Release|Any CPU
		{3987A549-71E8-4D0D-8662-575B2AD00B0D}.Business Logic Build|Any CPU.ActiveCfg = Business Logic Build|Any CPU
		{3987A549-71E8-4D0D-8662-575B2AD00B0D}.Business Logic Build|iPhone.ActiveCfg = Business Logic Build|Any CPU
		{3987A549-71E8-4D0D-8662-575B2AD00B0D}.Business Logic Build|iPhoneSimulator.ActiveCfg = Business Logic Build|Any CPU
		{3987A549-71E8-4D0D-8662-575B2AD00B0D}.Business Logic Build|Mixed Platforms.ActiveCfg = Business Logic Build|Any CPU
		{3987A549-71E8-4D0D-8662-575B2AD00B0D}.Debug|Any CPU.ActiveCfg = Debug|Any CPU
		{3987A549-71E8-4D0D-8662-575B2AD00B0D}.Debug|Any CPU.Build.0 = Debug|Any CPU
		{3987A549-71E8-4D0D-8662-575B2AD00B0D}.Debug|Any CPU.Deploy.0 = Debug|Any CPU
		{3987A549-71E8-4D0D-8662-575B2AD00B0D}.Debug|iPhone.ActiveCfg = Debug|Any CPU
		{3987A549-71E8-4D0D-8662-575B2AD00B0D}.Debug|iPhoneSimulator.ActiveCfg = Debug|Any CPU
		{3987A549-71E8-4D0D-8662-575B2AD00B0D}.Debug|Mixed Platforms.ActiveCfg = Debug|Any CPU
		{3987A549-71E8-4D0D-8662-575B2AD00B0D}.Debug|Mixed Platforms.Build.0 = Debug|Any CPU
		{3987A549-71E8-4D0D-8662-575B2AD00B0D}.Debug|Mixed Platforms.Deploy.0 = Debug|Any CPU
		{3987A549-71E8-4D0D-8662-575B2AD00B0D}.Release|Any CPU.ActiveCfg = Release|Any CPU
		{3987A549-71E8-4D0D-8662-575B2AD00B0D}.Release|Any CPU.Build.0 = Release|Any CPU
		{3987A549-71E8-4D0D-8662-575B2AD00B0D}.Release|Any CPU.Deploy.0 = Release|Any CPU
		{3987A549-71E8-4D0D-8662-575B2AD00B0D}.Release|iPhone.ActiveCfg = Release|Any CPU
		{3987A549-71E8-4D0D-8662-575B2AD00B0D}.Release|iPhoneSimulator.ActiveCfg = Release|Any CPU
		{3987A549-71E8-4D0D-8662-575B2AD00B0D}.Release|Mixed Platforms.ActiveCfg = Release|Any CPU
		{3987A549-71E8-4D0D-8662-575B2AD00B0D}.Release|Mixed Platforms.Build.0 = Release|Any CPU
		{3987A549-71E8-4D0D-8662-575B2AD00B0D}.Release|Mixed Platforms.Deploy.0 = Release|Any CPU
		{D7EB9AFC-B366-408D-87D1-683E5295BED0}.Ad-Hoc|Any CPU.ActiveCfg = Release|Any CPU
		{D7EB9AFC-B366-408D-87D1-683E5295BED0}.Ad-Hoc|Any CPU.Build.0 = Release|Any CPU
		{D7EB9AFC-B366-408D-87D1-683E5295BED0}.Ad-Hoc|iPhone.ActiveCfg = Release|Any CPU
		{D7EB9AFC-B366-408D-87D1-683E5295BED0}.Ad-Hoc|iPhoneSimulator.ActiveCfg = Release|Any CPU
		{D7EB9AFC-B366-408D-87D1-683E5295BED0}.Ad-Hoc|Mixed Platforms.ActiveCfg = Release|Any CPU
		{D7EB9AFC-B366-408D-87D1-683E5295BED0}.Ad-Hoc|Mixed Platforms.Build.0 = Release|Any CPU
		{D7EB9AFC-B366-408D-87D1-683E5295BED0}.AppStore|Any CPU.ActiveCfg = Release|Any CPU
		{D7EB9AFC-B366-408D-87D1-683E5295BED0}.AppStore|Any CPU.Build.0 = Release|Any CPU
		{D7EB9AFC-B366-408D-87D1-683E5295BED0}.AppStore|iPhone.ActiveCfg = Release|Any CPU
		{D7EB9AFC-B366-408D-87D1-683E5295BED0}.AppStore|iPhoneSimulator.ActiveCfg = Release|Any CPU
		{D7EB9AFC-B366-408D-87D1-683E5295BED0}.AppStore|Mixed Platforms.ActiveCfg = Release|Any CPU
		{D7EB9AFC-B366-408D-87D1-683E5295BED0}.AppStore|Mixed Platforms.Build.0 = Release|Any CPU
		{D7EB9AFC-B366-408D-87D1-683E5295BED0}.Business Logic Build|Any CPU.ActiveCfg = Release|Any CPU
		{D7EB9AFC-B366-408D-87D1-683E5295BED0}.Business Logic Build|Any CPU.Build.0 = Release|Any CPU
		{D7EB9AFC-B366-408D-87D1-683E5295BED0}.Business Logic Build|iPhone.ActiveCfg = Release|Any CPU
		{D7EB9AFC-B366-408D-87D1-683E5295BED0}.Business Logic Build|iPhone.Build.0 = Release|Any CPU
		{D7EB9AFC-B366-408D-87D1-683E5295BED0}.Business Logic Build|iPhoneSimulator.ActiveCfg = Release|Any CPU
		{D7EB9AFC-B366-408D-87D1-683E5295BED0}.Business Logic Build|Mixed Platforms.ActiveCfg = Release|Any CPU
		{D7EB9AFC-B366-408D-87D1-683E5295BED0}.Business Logic Build|Mixed Platforms.Build.0 = Release|Any CPU
		{D7EB9AFC-B366-408D-87D1-683E5295BED0}.Debug|Any CPU.ActiveCfg = Debug|Any CPU
		{D7EB9AFC-B366-408D-87D1-683E5295BED0}.Debug|Any CPU.Build.0 = Debug|Any CPU
		{D7EB9AFC-B366-408D-87D1-683E5295BED0}.Debug|iPhone.ActiveCfg = Debug|Any CPU
		{D7EB9AFC-B366-408D-87D1-683E5295BED0}.Debug|iPhone.Build.0 = Debug|Any CPU
		{D7EB9AFC-B366-408D-87D1-683E5295BED0}.Debug|iPhoneSimulator.ActiveCfg = Debug|Any CPU
		{D7EB9AFC-B366-408D-87D1-683E5295BED0}.Debug|Mixed Platforms.ActiveCfg = Debug|Any CPU
		{D7EB9AFC-B366-408D-87D1-683E5295BED0}.Debug|Mixed Platforms.Build.0 = Debug|Any CPU
		{D7EB9AFC-B366-408D-87D1-683E5295BED0}.Release|Any CPU.ActiveCfg = Release|Any CPU
		{D7EB9AFC-B366-408D-87D1-683E5295BED0}.Release|Any CPU.Build.0 = Release|Any CPU
		{D7EB9AFC-B366-408D-87D1-683E5295BED0}.Release|iPhone.ActiveCfg = Release|Any CPU
		{D7EB9AFC-B366-408D-87D1-683E5295BED0}.Release|iPhoneSimulator.ActiveCfg = Release|Any CPU
		{D7EB9AFC-B366-408D-87D1-683E5295BED0}.Release|Mixed Platforms.ActiveCfg = Release|Any CPU
		{D7EB9AFC-B366-408D-87D1-683E5295BED0}.Release|Mixed Platforms.Build.0 = Release|Any CPU
		{D8D9D482-63D9-4EFA-B191-229C4D1DDDD3}.Ad-Hoc|Any CPU.ActiveCfg = Ad-Hoc|iPhone
		{D8D9D482-63D9-4EFA-B191-229C4D1DDDD3}.Ad-Hoc|iPhone.ActiveCfg = Ad-Hoc|iPhone
		{D8D9D482-63D9-4EFA-B191-229C4D1DDDD3}.Ad-Hoc|iPhone.Build.0 = Ad-Hoc|iPhone
		{D8D9D482-63D9-4EFA-B191-229C4D1DDDD3}.Ad-Hoc|iPhoneSimulator.ActiveCfg = Ad-Hoc|iPhoneSimulator
		{D8D9D482-63D9-4EFA-B191-229C4D1DDDD3}.Ad-Hoc|iPhoneSimulator.Build.0 = Ad-Hoc|iPhoneSimulator
		{D8D9D482-63D9-4EFA-B191-229C4D1DDDD3}.Ad-Hoc|Mixed Platforms.ActiveCfg = Ad-Hoc|iPhone
		{D8D9D482-63D9-4EFA-B191-229C4D1DDDD3}.Ad-Hoc|Mixed Platforms.Build.0 = Ad-Hoc|iPhone
		{D8D9D482-63D9-4EFA-B191-229C4D1DDDD3}.AppStore|Any CPU.ActiveCfg = AppStore|iPhone
		{D8D9D482-63D9-4EFA-B191-229C4D1DDDD3}.AppStore|iPhone.ActiveCfg = AppStore|iPhone
		{D8D9D482-63D9-4EFA-B191-229C4D1DDDD3}.AppStore|iPhone.Build.0 = AppStore|iPhone
		{D8D9D482-63D9-4EFA-B191-229C4D1DDDD3}.AppStore|iPhoneSimulator.ActiveCfg = AppStore|iPhoneSimulator
		{D8D9D482-63D9-4EFA-B191-229C4D1DDDD3}.AppStore|iPhoneSimulator.Build.0 = AppStore|iPhoneSimulator
		{D8D9D482-63D9-4EFA-B191-229C4D1DDDD3}.AppStore|Mixed Platforms.ActiveCfg = AppStore|iPhone
		{D8D9D482-63D9-4EFA-B191-229C4D1DDDD3}.AppStore|Mixed Platforms.Build.0 = AppStore|iPhone
		{D8D9D482-63D9-4EFA-B191-229C4D1DDDD3}.Business Logic Build|Any CPU.ActiveCfg = Business Logic Build|iPhone
		{D8D9D482-63D9-4EFA-B191-229C4D1DDDD3}.Business Logic Build|iPhone.ActiveCfg = Business Logic Build|iPhone
		{D8D9D482-63D9-4EFA-B191-229C4D1DDDD3}.Business Logic Build|iPhoneSimulator.ActiveCfg = Business Logic Build|iPhoneSimulator
		{D8D9D482-63D9-4EFA-B191-229C4D1DDDD3}.Business Logic Build|Mixed Platforms.ActiveCfg = Business Logic Build|iPhone
		{D8D9D482-63D9-4EFA-B191-229C4D1DDDD3}.Debug|Any CPU.ActiveCfg = Debug|iPhone
		{D8D9D482-63D9-4EFA-B191-229C4D1DDDD3}.Debug|iPhone.ActiveCfg = Debug|iPhone
		{D8D9D482-63D9-4EFA-B191-229C4D1DDDD3}.Debug|iPhone.Build.0 = Debug|iPhone
		{D8D9D482-63D9-4EFA-B191-229C4D1DDDD3}.Debug|iPhoneSimulator.ActiveCfg = Debug|iPhoneSimulator
		{D8D9D482-63D9-4EFA-B191-229C4D1DDDD3}.Debug|iPhoneSimulator.Build.0 = Debug|iPhoneSimulator
		{D8D9D482-63D9-4EFA-B191-229C4D1DDDD3}.Debug|Mixed Platforms.ActiveCfg = Debug|iPhone
		{D8D9D482-63D9-4EFA-B191-229C4D1DDDD3}.Debug|Mixed Platforms.Build.0 = Debug|iPhone
		{D8D9D482-63D9-4EFA-B191-229C4D1DDDD3}.Release|Any CPU.ActiveCfg = Release|iPhone
		{D8D9D482-63D9-4EFA-B191-229C4D1DDDD3}.Release|iPhone.ActiveCfg = Release|iPhone
		{D8D9D482-63D9-4EFA-B191-229C4D1DDDD3}.Release|iPhone.Build.0 = Release|iPhone
		{D8D9D482-63D9-4EFA-B191-229C4D1DDDD3}.Release|iPhoneSimulator.ActiveCfg = Release|iPhoneSimulator
		{D8D9D482-63D9-4EFA-B191-229C4D1DDDD3}.Release|iPhoneSimulator.Build.0 = Release|iPhoneSimulator
		{D8D9D482-63D9-4EFA-B191-229C4D1DDDD3}.Release|Mixed Platforms.ActiveCfg = Release|iPhone
		{D8D9D482-63D9-4EFA-B191-229C4D1DDDD3}.Release|Mixed Platforms.Build.0 = Release|iPhone
	EndGlobalSection
	GlobalSection(MonoDevelopProperties) = preSolution
		StartupItem = CIGUI.iOS\CIGUI.iOS.csproj
	EndGlobalSection
	GlobalSection(TeamFoundationVersionControl) = preSolution
		SccNumberOfProjects = 5
		SccEnterpriseProvider = {4CA58AB2-18FA-4F8D-95D4-32DDF27D184C}
		SccTeamFoundationServer = https://appracatappra.visualstudio.com/defaultcollection
		SccLocalPath0 = .
		SccProjectUniqueName1 = CIBackend\\CIBackend.csproj
		SccProjectName1 = CIBackend
		SccLocalPath1 = CIBackend
		SccProjectUniqueName2 = CIGUI.Android\\CIGUI.Android.csproj
		SccProjectName2 = CIGUI.Android
		SccLocalPath2 = CIGUI.Android
		SccProjectUniqueName3 = CIGUI.iOS\\CIGUI.iOS.csproj
		SccProjectName3 = CIGUI.iOS
		SccLocalPath3 = CIGUI.iOS
		SccProjectUniqueName4 = CI.Testing\\CITesting.csproj
		SccProjectName4 = CI.Testing
		SccLocalPath4 = CI.Testing
	EndGlobalSection
	GlobalSection(SolutionProperties) = preSolution
		HideSolutionNode = FALSE
	EndGlobalSection
EndGlobal
